{
  "name": "consul-example",
  "version": "1.0.0",
  "lockfileVersion": 1,
  "requires": true,
  "dependencies": {
    "@types/consul": {
      "version": "0.23.33",
      "resolved": "http://registry.npm.taobao.org/@types/consul/download/@types/consul-0.23.33.tgz",
      "integrity": "sha1-75h2/XX9/tm1sa/jIMzbZFbrkNI=",
      "dev": true,
      "requires": {
        "@types/node": "*"
      }
    },
    "@types/node": {
      "version": "11.11.7",
      "resolved": "http://registry.npm.taobao.org/@types/node/download/@types/node-11.11.7.tgz",
      "integrity": "sha1-8cNakGuCra527eWrDSCI5Y+jeEM=",
      "dev": true
    },
    "consul": {
      "version": "0.34.1",
      "resolved": "http://registry.npm.taobao.org/consul/download/consul-0.34.1.tgz",
      "integrity": "sha1-sABjitmdsDj7uY5QjDLXWL9ZiWg=",
      "requires": {
        "papi": "^0.29.0"
      }
    },
    "papi": {
      "version": "0.29.1",
      "resolved": "http://registry.npm.taobao.org/papi/download/papi-0.29.1.tgz",
      "integrity": "sha1-c3PixSf1EX1h/SoObGsd1yv38YA="
    }
  }
}
